
Microsoft Visual Studio Solution File, Format Version 12.00
# Visual Studio Version 17
VisualStudioVersion = 17.1.32319.34
MinimumVisualStudioVersion = 10.0.40219.1
Project("{9A19103F-16F7-4668-BE54-9A1E7A4F7556}") = "CleanArchitecture.Presentation", "TemplateDomainDrivenDesign\CleanArchitecture.Presentation.csproj", "{10821D05-3A70-4958-9CDE-98283050669E}"
EndProject
Project("{2150E333-8FDC-42A3-9474-1A3956D46DE8}") = "src", "src", "{FCC1C541-575E-437A-AAE6-C67F236AF3B1}"
EndProject
Project("{2150E333-8FDC-42A3-9474-1A3956D46DE8}") = "Api", "Api", "{F48DEA80-4B5F-4868-8C41-A9A384003DC7}"
EndProject
Project("{2150E333-8FDC-42A3-9474-1A3956D46DE8}") = "Core", "Core", "{16D9DE67-9E5A-4273-BA69-95E44884682F}"
EndProject
Project("{9A19103F-16F7-4668-BE54-9A1E7A4F7556}") = "CleanArchitecture.Application", "TemplateDomainDrivenDesign.Application\CleanArchitecture.Application.csproj", "{A32480E0-7B98-4BD4-B32F-786885175730}"
EndProject
Project("{9A19103F-16F7-4668-BE54-9A1E7A4F7556}") = "CleanArchitecture.Domain", "TemplateDomainDrivenDesign.Domain\CleanArchitecture.Domain.csproj", "{9063519C-1DBB-4AD1-A39C-88FDC9E495B3}"
EndProject
Project("{2150E333-8FDC-42A3-9474-1A3956D46DE8}") = "Infrastructure", "Infrastructure", "{89282534-002B-46F2-9F8E-F479C6267023}"
EndProject
Project("{9A19103F-16F7-4668-BE54-9A1E7A4F7556}") = "CleanArchitecture.Persistence", "TemplateDomainDrivenDesign.Persistence\CleanArchitecture.Persistence.csproj", "{91787E52-3A53-4B86-A83C-EF5944897407}"
EndProject
Project("{2150E333-8FDC-42A3-9474-1A3956D46DE8}") = "test", "test", "{4F06EE66-6432-4275-B1E3-7877DE367889}"
EndProject
Project("{9A19103F-16F7-4668-BE54-9A1E7A4F7556}") = "CleanArchitecture.IntegrationTests", "TemplateDomainDrivenDesign.IntegrationTests\CleanArchitecture.IntegrationTests.csproj", "{0AF4BC61-41C2-4DA7-97ED-62BD5A845734}"
EndProject
Project("{9A19103F-16F7-4668-BE54-9A1E7A4F7556}") = "CleanArchitecture.UnitTests", "TemplateDomainDrivenDesign.UnitTests\CleanArchitecture.UnitTests.csproj", "{2152CE34-44CA-4DB7-94A0-423E73B8A2D8}"
EndProject
Global
	GlobalSection(SolutionConfigurationPlatforms) = preSolution
		Debug|Any CPU = Debug|Any CPU
		Release|Any CPU = Release|Any CPU
	EndGlobalSection
	GlobalSection(ProjectConfigurationPlatforms) = postSolution
		{10821D05-3A70-4958-9CDE-98283050669E}.Debug|Any CPU.ActiveCfg = Debug|Any CPU
		{10821D05-3A70-4958-9CDE-98283050669E}.Debug|Any CPU.Build.0 = Debug|Any CPU
		{10821D05-3A70-4958-9CDE-98283050669E}.Release|Any CPU.ActiveCfg = Release|Any CPU
		{10821D05-3A70-4958-9CDE-98283050669E}.Release|Any CPU.Build.0 = Release|Any CPU
		{A32480E0-7B98-4BD4-B32F-786885175730}.Debug|Any CPU.ActiveCfg = Debug|Any CPU
		{A32480E0-7B98-4BD4-B32F-786885175730}.Debug|Any CPU.Build.0 = Debug|Any CPU
		{A32480E0-7B98-4BD4-B32F-786885175730}.Release|Any CPU.ActiveCfg = Release|Any CPU
		{A32480E0-7B98-4BD4-B32F-786885175730}.Release|Any CPU.Build.0 = Release|Any CPU
		{9063519C-1DBB-4AD1-A39C-88FDC9E495B3}.Debug|Any CPU.ActiveCfg = Debug|Any CPU
		{9063519C-1DBB-4AD1-A39C-88FDC9E495B3}.Debug|Any CPU.Build.0 = Debug|Any CPU
		{9063519C-1DBB-4AD1-A39C-88FDC9E495B3}.Release|Any CPU.ActiveCfg = Release|Any CPU
		{9063519C-1DBB-4AD1-A39C-88FDC9E495B3}.Release|Any CPU.Build.0 = Release|Any CPU
		{91787E52-3A53-4B86-A83C-EF5944897407}.Debug|Any CPU.ActiveCfg = Debug|Any CPU
		{91787E52-3A53-4B86-A83C-EF5944897407}.Debug|Any CPU.Build.0 = Debug|Any CPU
		{91787E52-3A53-4B86-A83C-EF5944897407}.Release|Any CPU.ActiveCfg = Release|Any CPU
		{91787E52-3A53-4B86-A83C-EF5944897407}.Release|Any CPU.Build.0 = Release|Any CPU
		{0AF4BC61-41C2-4DA7-97ED-62BD5A845734}.Debug|Any CPU.ActiveCfg = Debug|Any CPU
		{0AF4BC61-41C2-4DA7-97ED-62BD5A845734}.Debug|Any CPU.Build.0 = Debug|Any CPU
		{0AF4BC61-41C2-4DA7-97ED-62BD5A845734}.Release|Any CPU.ActiveCfg = Release|Any CPU
		{0AF4BC61-41C2-4DA7-97ED-62BD5A845734}.Release|Any CPU.Build.0 = Release|Any CPU
		{2152CE34-44CA-4DB7-94A0-423E73B8A2D8}.Debug|Any CPU.ActiveCfg = Debug|Any CPU
		{2152CE34-44CA-4DB7-94A0-423E73B8A2D8}.Debug|Any CPU.Build.0 = Debug|Any CPU
		{2152CE34-44CA-4DB7-94A0-423E73B8A2D8}.Release|Any CPU.ActiveCfg = Release|Any CPU
		{2152CE34-44CA-4DB7-94A0-423E73B8A2D8}.Release|Any CPU.Build.0 = Release|Any CPU
	EndGlobalSection
	GlobalSection(SolutionProperties) = preSolution
		HideSolutionNode = FALSE
	EndGlobalSection
	GlobalSection(NestedProjects) = preSolution
		{10821D05-3A70-4958-9CDE-98283050669E} = {F48DEA80-4B5F-4868-8C41-A9A384003DC7}
		{F48DEA80-4B5F-4868-8C41-A9A384003DC7} = {FCC1C541-575E-437A-AAE6-C67F236AF3B1}
		{16D9DE67-9E5A-4273-BA69-95E44884682F} = {FCC1C541-575E-437A-AAE6-C67F236AF3B1}
		{A32480E0-7B98-4BD4-B32F-786885175730} = {16D9DE67-9E5A-4273-BA69-95E44884682F}
		{9063519C-1DBB-4AD1-A39C-88FDC9E495B3} = {16D9DE67-9E5A-4273-BA69-95E44884682F}
		{89282534-002B-46F2-9F8E-F479C6267023} = {FCC1C541-575E-437A-AAE6-C67F236AF3B1}
		{91787E52-3A53-4B86-A83C-EF5944897407} = {89282534-002B-46F2-9F8E-F479C6267023}
		{0AF4BC61-41C2-4DA7-97ED-62BD5A845734} = {4F06EE66-6432-4275-B1E3-7877DE367889}
		{2152CE34-44CA-4DB7-94A0-423E73B8A2D8} = {4F06EE66-6432-4275-B1E3-7877DE367889}
	EndGlobalSection
	GlobalSection(ExtensibilityGlobals) = postSolution
		SolutionGuid = {0DB07A2B-154E-4A8C-81EB-F947E1A4AE00}
	EndGlobalSection
EndGlobal
